// !$*UTF8*$!
{
	archiveVersion = 1;
	classes = {
	};
	objectVersion = 50;
	objects = {

/* Begin PBXBuildFile section */
		5B58F3FA253ECEFE000A0346 /* AppDelegate.swift in Sources */ = {isa = PBXBuildFile; fileRef = 5B58F3F9253ECEFE000A0346 /* AppDelegate.swift */; };
		5B58F3FC253ECEFE000A0346 /* SceneDelegate.swift in Sources */ = {isa = PBXBuildFile; fileRef = 5B58F3FB253ECEFE000A0346 /* SceneDelegate.swift */; };
		5B58F3FE253ECEFE000A0346 /* ViewController.swift in Sources */ = {isa = PBXBuildFile; fileRef = 5B58F3FD253ECEFE000A0346 /* ViewController.swift */; };
		5B58F401253ECEFE000A0346 /* Main.storyboard in Resources */ = {isa = PBXBuildFile; fileRef = 5B58F3FF253ECEFE000A0346 /* Main.storyboard */; };
		5B58F404253ECEFE000A0346 /* MyFirstGitProject.xcdatamodeld in Sources */ = {isa = PBXBuildFile; fileRef = 5B58F402253ECEFE000A0346 /* MyFirstGitProject.xcdatamodeld */; };
		5B58F406253ECEFF000A0346 /* Assets.xcassets in Resources */ = {isa = PBXBuildFile; fileRef = 5B58F405253ECEFF000A0346 /* Assets.xcassets */; };
		5B58F409253ECEFF000A0346 /* LaunchScreen.storyboard in Resources */ = {isa = PBXBuildFile; fileRef = 5B58F407253ECEFF000A0346 /* LaunchScreen.storyboard */; };
		5B58F414253ECEFF000A0346 /* MyFirstGitProjectTests.swift in Sources */ = {isa = PBXBuildFile; fileRef = 5B58F413253ECEFF000A0346 /* MyFirstGitProjectTests.swift */; };
		5B58F41F253ECEFF000A0346 /* MyFirstGitProjectUITests.swift in Sources */ = {isa = PBXBuildFile; fileRef = 5B58F41E253ECEFF000A0346 /* MyFirstGitProjectUITests.swift */; };
/* End PBXBuildFile section */

/* Begin PBXContainerItemProxy section */
		5B58F410253ECEFF000A0346 /* PBXContainerItemProxy */ = {
			isa = PBXContainerItemProxy;
			containerPortal = 5B58F3EE253ECEFE000A0346 /* Project object */;
			proxyType = 1;
			remoteGlobalIDString = 5B58F3F5253ECEFE000A0346;
			remoteInfo = MyFirstGitProject;
		};
		5B58F41B253ECEFF000A0346 /* PBXContainerItemProxy */ = {
			isa = PBXContainerItemProxy;
			containerPortal = 5B58F3EE253ECEFE000A0346 /* Project object */;
			proxyType = 1;
			remoteGlobalIDString = 5B58F3F5253ECEFE000A0346;
			remoteInfo = MyFirstGitProject;
		};
/* End PBXContainerItemProxy section */

/* Begin PBXFileReference section */
		5B58F3F6253ECEFE000A0346 /* MyFirstGitProject.app */ = {isa = PBXFileReference; explicitFileType = wrapper.application; includeInIndex = 0; path = MyFirstGitProject.app; sourceTree = BUILT_PRODUCTS_DIR; };
		5B58F3F9253ECEFE000A0346 /* AppDelegate.swift */ = {isa = PBXFileReference; lastKnownFileType = sourcecode.swift; path = AppDelegate.swift; sourceTree = "<group>"; };
		5B58F3FB253ECEFE000A0346 /* SceneDelegate.swift */ = {isa = PBXFileReference; lastKnownFileType = sourcecode.swift; path = SceneDelegate.swift; sourceTree = "<group>"; };
		5B58F3FD253ECEFE000A0346 /* ViewController.swift */ = {isa = PBXFileReference; lastKnownFileType = sourcecode.swift; path = ViewController.swift; sourceTree = "<group>"; };
		5B58F400253ECEFE000A0346 /* Base */ = {isa = PBXFileReference; lastKnownFileType = file.storyboard; name = Base; path = Base.lproj/Main.storyboard; sourceTree = "<group>"; };
		5B58F403253ECEFE000A0346 /* MyFirstGitProject.xcdatamodel */ = {isa = PBXFileReference; lastKnownFileType = wrapper.xcdatamodel; path = MyFirstGitProject.xcdatamodel; sourceTree = "<group>"; };
		5B58F405253ECEFF000A0346 /* Assets.xcassets */ = {isa = PBXFileReference; lastKnownFileType = folder.assetcatalog; path = Assets.xcassets; sourceTree = "<group>"; };
		5B58F408253ECEFF000A0346 /* Base */ = {isa = PBXFileReference; lastKnownFileType = file.storyboard; name = Base; path = Base.lproj/LaunchScreen.storyboard; sourceTree = "<group>"; };
		5B58F40A253ECEFF000A0346 /* Info.plist */ = {isa = PBXFileReference; lastKnownFileType = text.plist.xml; path = Info.plist; sourceTree = "<group>"; };
		5B58F40F253ECEFF000A0346 /* MyFirstGitProjectTests.xctest */ = {isa = PBXFileReference; explicitFileType = wrapper.cfbundle; includeInIndex = 0; path = MyFirstGitProjectTests.xctest; sourceTree = BUILT_PRODUCTS_DIR; };
		5B58F413253ECEFF000A0346 /* MyFirstGitProjectTests.swift */ = {isa = PBXFileReference; lastKnownFileType = sourcecode.swift; path = MyFirstGitProjectTests.swift; sourceTree = "<group>"; };
		5B58F415253ECEFF000A0346 /* Info.plist */ = {isa = PBXFileReference; lastKnownFileType = text.plist.xml; path = Info.plist; sourceTree = "<group>"; };
		5B58F41A253ECEFF000A0346 /* MyFirstGitProjectUITests.xctest */ = {isa = PBXFileReference; explicitFileType = wrapper.cfbundle; includeInIndex = 0; path = MyFirstGitProjectUITests.xctest; sourceTree = BUILT_PRODUCTS_DIR; };
		5B58F41E253ECEFF000A0346 /* MyFirstGitProjectUITests.swift */ = {isa = PBXFileReference; lastKnownFileType = sourcecode.swift; path = MyFirstGitProjectUITests.swift; sourceTree = "<group>"; };
		5B58F420253ECEFF000A0346 /* Info.plist */ = {isa = PBXFileReference; lastKnownFileType = text.plist.xml; path = Info.plist; sourceTree = "<group>"; };
/* End PBXFileReference section */

/* Begin PBXFrameworksBuildPhase section */
		5B58F3F3253ECEFE000A0346 /* Frameworks */ = {
			isa = PBXFrameworksBuildPhase;
			buildActionMask = 2147483647;
			files = (
			);
			runOnlyForDeploymentPostprocessing = 0;
		};
		5B58F40C253ECEFF000A0346 /* Frameworks */ = {
			isa = PBXFrameworksBuildPhase;
			buildActionMask = 2147483647;
			files = (
			);
			runOnlyForDeploymentPostprocessing = 0;
		};
		5B58F417253ECEFF000A0346 /* Frameworks */ = {
			isa = PBXFrameworksBuildPhase;
			buildActionMask = 2147483647;
			files = (
			);
			runOnlyForDeploymentPostprocessing = 0;
		};
/* End PBXFrameworksBuildPhase section */

/* Begin PBXGroup section */
		5B58F3ED253ECEFE000A0346 = {
			isa = PBXGroup;
			children = (
				5B58F3F8253ECEFE000A0346 /* MyFirstGitProject */,
				5B58F412253ECEFF000A0346 /* MyFirstGitProjectTests */,
				5B58F41D253ECEFF000A0346 /* MyFirstGitProjectUITests */,
				5B58F3F7253ECEFE000A0346 /* Products */,
			);
			sourceTree = "<group>";
		};
		5B58F3F7253ECEFE000A0346 /* Products */ = {
			isa = PBXGroup;
			children = (
				5B58F3F6253ECEFE000A0346 /* MyFirstGitProject.app */,
				5B58F40F253ECEFF000A0346 /* MyFirstGitProjectTests.xctest */,
				5B58F41A253ECEFF000A0346 /* MyFirstGitProjectUITests.xctest */,
			);
			name = Products;
			sourceTree = "<group>";
		};
		5B58F3F8253ECEFE000A0346 /* MyFirstGitProject */ = {
			isa = PBXGroup;
			children = (
				5B58F3F9253ECEFE000A0346 /* AppDelegate.swift */,
				5B58F3FB253ECEFE000A0346 /* SceneDelegate.swift */,
				5B58F3FD253ECEFE000A0346 /* ViewController.swift */,
				5B58F3FF253ECEFE000A0346 /* Main.storyboard */,
				5B58F405253ECEFF000A0346 /* Assets.xcassets */,
				5B58F407253ECEFF000A0346 /* LaunchScreen.storyboard */,
				5B58F40A253ECEFF000A0346 /* Info.plist */,
				5B58F402253ECEFE000A0346 /* MyFirstGitProject.xcdatamodeld */,
			);
			path = MyFirstGitProject;
			sourceTree = "<group>";
		};
		5B58F412253ECEFF000A0346 /* MyFirstGitProjectTests */ = {
			isa = PBXGroup;
			children = (
				5B58F413253ECEFF000A0346 /* MyFirstGitProjectTests.swift */,
				5B58F415253ECEFF000A0346 /* Info.plist */,
			);
			path = MyFirstGitProjectTests;
			sourceTree = "<group>";
		};
		5B58F41D253ECEFF000A0346 /* MyFirstGitProjectUITests */ = {
			isa = PBXGroup;
			children = (
				5B58F41E253ECEFF000A0346 /* MyFirstGitProjectUITests.swift */,
				5B58F420253ECEFF000A0346 /* Info.plist */,
			);
			path = MyFirstGitProjectUITests;
			sourceTree = "<group>";
		};
/* End PBXGroup section */

/* Begin PBXNativeTarget section */
		5B58F3F5253ECEFE000A0346 /* MyFirstGitProject */ = {
			isa = PBXNativeTarget;
			buildConfigurationList = 5B58F423253ECEFF000A0346 /* Build configuration list for PBXNativeTarget "MyFirstGitProject" */;
			buildPhases = (
				5B58F3F2253ECEFE000A0346 /* Sources */,
				5B58F3F3253ECEFE000A0346 /* Frameworks */,
				5B58F3F4253ECEFE000A0346 /* Resources */,
			);
			buildRules = (
			);
			dependencies = (
			);
			name = MyFirstGitProject;
			productName = MyFirstGitProject;
			productReference = 5B58F3F6253ECEFE000A0346 /* MyFirstGitProject.app */;
			productType = "com.apple.product-type.application";
		};
		5B58F40E253ECEFF000A0346 /* MyFirstGitProjectTests */ = {
			isa = PBXNativeTarget;
			buildConfigurationList = 5B58F426253ECEFF000A0346 /* Build configuration list for PBXNativeTarget "MyFirstGitProjectTests" */;
			buildPhases = (
				5B58F40B253ECEFF000A0346 /* Sources */,
				5B58F40C253ECEFF000A0346 /* Frameworks */,
				5B58F40D253ECEFF000A0346 /* Resources */,
			);
			buildRules = (
			);
			dependencies = (
				5B58F411253ECEFF000A0346 /* PBXTargetDependency */,
			);
			name = MyFirstGitProjectTests;
			productName = MyFirstGitProjectTests;
			productReference = 5B58F40F253ECEFF000A0346 /* MyFirstGitProjectTests.xctest */;
			productType = "com.apple.product-type.bundle.unit-test";
		};
		5B58F419253ECEFF000A0346 /* MyFirstGitProjectUITests */ = {
			isa = PBXNativeTarget;
			buildConfigurationList = 5B58F429253ECEFF000A0346 /* Build configuration list for PBXNativeTarget "MyFirstGitProjectUITests" */;
			buildPhases = (
				5B58F416253ECEFF000A0346 /* Sources */,
				5B58F417253ECEFF000A0346 /* Frameworks */,
				5B58F418253ECEFF000A0346 /* Resources */,
			);
			buildRules = (
			);
			dependencies = (
				5B58F41C253ECEFF000A0346 /* PBXTargetDependency */,
			);
			name = MyFirstGitProjectUITests;
			productName = MyFirstGitProjectUITests;
			productReference = 5B58F41A253ECEFF000A0346 /* MyFirstGitProjectUITests.xctest */;
			productType = "com.apple.product-type.bundle.ui-testing";
		};
/* End PBXNativeTarget section */

/* Begin PBXProject section */
		5B58F3EE253ECEFE000A0346 /* Project object */ = {
			isa = PBXProject;
			attributes = {
				LastSwiftUpdateCheck = 1170;
				LastUpgradeCheck = 1170;
				ORGANIZATIONNAME = "Param Purewal";
				TargetAttributes = {
					5B58F3F5253ECEFE000A0346 = {
						CreatedOnToolsVersion = 11.7;
					};
					5B58F40E253ECEFF000A0346 = {
						CreatedOnToolsVersion = 11.7;
						TestTargetID = 5B58F3F5253ECEFE000A0346;
					};
					5B58F419253ECEFF000A0346 = {
						CreatedOnToolsVersion = 11.7;
						TestTargetID = 5B58F3F5253ECEFE000A0346;
					};
				};
			};
			buildConfigurationList = 5B58F3F1253ECEFE000A0346 /* Build configuration list for PBXProject "MyFirstGitProject" */;
			compatibilityVersion = "Xcode 9.3";
			developmentRegion = en;
			hasScannedForEncodings = 0;
			knownRegions = (
				en,
				Base,
			);
			mainGroup = 5B58F3ED253ECEFE000A0346;
			productRefGroup = 5B58F3F7253ECEFE000A0346 /* Products */;
			projectDirPath = "";
			projectRoot = "";
			targets = (
				5B58F3F5253ECEFE000A0346 /* MyFirstGitProject */,
				5B58F40E253ECEFF000A0346 /* MyFirstGitProjectTests */,
				5B58F419253ECEFF000A0346 /* MyFirstGitProjectUITests */,
			);
		};
/* End PBXProject section */

/* Begin PBXResourcesBuildPhase section */
		5B58F3F4253ECEFE000A0346 /* Resources */ = {
			isa = PBXResourcesBuildPhase;
			buildActionMask = 2147483647;
			files = (
				5B58F409253ECEFF000A0346 /* LaunchScreen.storyboard in Resources */,
				5B58F406253ECEFF000A0346 /* Assets.xcassets in Resources */,
				5B58F401253ECEFE000A0346 /* Main.storyboard in Resources */,
			);
			runOnlyForDeploymentPostprocessing = 0;
		};
		5B58F40D253ECEFF000A0346 /* Resources */ = {
			isa = PBXResourcesBuildPhase;
			buildActionMask = 2147483647;
			files = (
			);
			runOnlyForDeploymentPostprocessing = 0;
		};
		5B58F418253ECEFF000A0346 /* Resources */ = {
			isa = PBXResourcesBuildPhase;
			buildActionMask = 2147483647;
			files = (
			);
			runOnlyForDeploymentPostprocessing = 0;
		};
/* End PBXResourcesBuildPhase section */

/* Begin PBXSourcesBuildPhase section */
		5B58F3F2253ECEFE000A0346 /* Sources */ = {
			isa = PBXSourcesBuildPhase;
			buildActionMask = 2147483647;
			files = (
				5B58F3FE253ECEFE000A0346 /* ViewController.swift in Sources */,
				5B58F3FA253ECEFE000A0346 /* AppDelegate.swift in Sources */,
				5B58F3FC253ECEFE000A0346 /* SceneDelegate.swift in Sources */,
				5B58F404253ECEFE000A0346 /* MyFirstGitProject.xcdatamodeld in Sources */,
			);
			runOnlyForDeploymentPostprocessing = 0;
		};
		5B58F40B253ECEFF000A0346 /* Sources */ = {
			isa = PBXSourcesBuildPhase;
			buildActionMask = 2147483647;
			files = (
				5B58F414253ECEFF000A0346 /* MyFirstGitProjectTests.swift in Sources */,
			);
			runOnlyForDeploymentPostprocessing = 0;
		};
		5B58F416253ECEFF000A0346 /* Sources */ = {
			isa = PBXSourcesBuildPhase;
			buildActionMask = 2147483647;
			files = (
				5B58F41F253ECEFF000A0346 /* MyFirstGitProjectUITests.swift in Sources */,
			);
			runOnlyForDeploymentPostprocessing = 0;
		};
/* End PBXSourcesBuildPhase section */

/* Begin PBXTargetDependency section */
		5B58F411253ECEFF000A0346 /* PBXTargetDependency */ = {
			isa = PBXTargetDependency;
			target = 5B58F3F5253ECEFE000A0346 /* MyFirstGitProject */;
			targetProxy = 5B58F410253ECEFF000A0346 /* PBXContainerItemProxy */;
		};
		5B58F41C253ECEFF000A0346 /* PBXTargetDependency */ = {
			isa = PBXTargetDependency;
			target = 5B58F3F5253ECEFE000A0346 /* MyFirstGitProject */;
			targetProxy = 5B58F41B253ECEFF000A0346 /* PBXContainerItemProxy */;
		};
/* End PBXTargetDependency section */

/* Begin PBXVariantGroup section */
		5B58F3FF253ECEFE000A0346 /* Main.storyboard */ = {
			isa = PBXVariantGroup;
			children = (
				5B58F400253ECEFE000A0346 /* Base */,
			);
			name = Main.storyboard;
			sourceTree = "<group>";
		};
		5B58F407253ECEFF000A0346 /* LaunchScreen.storyboard */ = {
			isa = PBXVariantGroup;
			children = (
				5B58F408253ECEFF000A0346 /* Base */,
			);
			name = LaunchScreen.storyboard;
			sourceTree = "<group>";
		};
/* End PBXVariantGroup section */

/* Begin XCBuildConfiguration section */
		5B58F421253ECEFF000A0346 /* Debug */ = {
			isa = XCBuildConfiguration;
			buildSettings = {
				ALWAYS_SEARCH_USER_PATHS = NO;
				CLANG_ANALYZER_NONNULL = YES;
				CLANG_ANALYZER_NUMBER_OBJECT_CONVERSION = YES_AGGRESSIVE;
				CLANG_CXX_LANGUAGE_STANDARD = "gnu++14";
				CLANG_CXX_LIBRARY = "libc++";
				CLANG_ENABLE_MODULES = YES;
				CLANG_ENABLE_OBJC_ARC = YES;
				CLANG_ENABLE_OBJC_WEAK = YES;
				CLANG_WARN_BLOCK_CAPTURE_AUTORELEASING = YES;
				CLANG_WARN_BOOL_CONVERSION = YES;
				CLANG_WARN_COMMA = YES;
				CLANG_WARN_CONSTANT_CONVERSION = YES;
				CLANG_WARN_DEPRECATED_OBJC_IMPLEMENTATIONS = YES;
				CLANG_WARN_DIRECT_OBJC_ISA_USAGE = YES_ERROR;
				CLANG_WARN_DOCUMENTATION_COMMENTS = YES;
				CLANG_WARN_EMPTY_BODY = YES;
				CLANG_WARN_ENUM_CONVERSION = YES;
				CLANG_WARN_INFINITE_RECURSION = YES;
				CLANG_WARN_INT_CONVERSION = YES;
				CLANG_WARN_NON_LITERAL_NULL_CONVERSION = YES;
				CLANG_WARN_OBJC_IMPLICIT_RETAIN_SELF = YES;
				CLANG_WARN_OBJC_LITERAL_CONVERSION = YES;
				CLANG_WARN_OBJC_ROOT_CLASS = YES_ERROR;
				CLANG_WARN_RANGE_LOOP_ANALYSIS = YES;
				CLANG_WARN_STRICT_PROTOTYPES = YES;
				CLANG_WARN_SUSPICIOUS_MOVE = YES;
				CLANG_WARN_UNGUARDED_AVAILABILITY = YES_AGGRESSIVE;
				CLANG_WARN_UNREACHABLE_CODE = YES;
				CLANG_WARN__DUPLICATE_METHOD_MATCH = YES;
				COPY_PHASE_STRIP = NO;
				DEBUG_INFORMATION_FORMAT = dwarf;
				ENABLE_STRICT_OBJC_MSGSEND = YES;
				ENABLE_TESTABILITY = YES;
				GCC_C_LANGUAGE_STANDARD = gnu11;
				GCC_DYNAMIC_NO_PIC = NO;
				GCC_NO_COMMON_BLOCKS = YES;
				GCC_OPTIMIZATION_LEVEL = 0;
				GCC_PREPROCESSOR_DEFINITIONS = (
					"DEBUG=1",
					"$(inherited)",
				);
				GCC_WARN_64_TO_32_BIT_CONVERSION = YES;
				GCC_WARN_ABOUT_RETURN_TYPE = YES_ERROR;
				GCC_WARN_UNDECLARED_SELECTOR = YES;
				GCC_WARN_UNINITIALIZED_AUTOS = YES_AGGRESSIVE;
				GCC_WARN_UNUSED_FUNCTION = YES;
				GCC_WARN_UNUSED_VARIABLE = YES;
				IPHONEOS_DEPLOYMENT_TARGET = 13.7;
				MTL_ENABLE_DEBUG_INFO = INCLUDE_SOURCE;
				MTL_FAST_MATH = YES;
				ONLY_ACTIVE_ARCH = YES;
				SDKROOT = iphoneos;
				SWIFT_ACTIVE_COMPILATION_CONDITIONS = DEBUG;
				SWIFT_OPTIMIZATION_LEVEL = "-Onone";
			};
			name = Debug;
		};
		5B58F422253ECEFF000A0346 /* Release */ = {
			isa = XCBuildConfiguration;
			buildSettings = {
				ALWAYS_SEARCH_USER_PATHS = NO;
				CLANG_ANALYZER_NONNULL = YES;
				CLANG_ANALYZER_NUMBER_OBJECT_CONVERSION = YES_AGGRESSIVE;
				CLANG_CXX_LANGUAGE_STANDARD = "gnu++14";
				CLANG_CXX_LIBRARY = "libc++";
				CLANG_ENABLE_MODULES = YES;
				CLANG_ENABLE_OBJC_ARC = YES;
				CLANG_ENABLE_OBJC_WEAK = YES;
				CLANG_WARN_BLOCK_CAPTURE_AUTORELEASING = YES;
				CLANG_WARN_BOOL_CONVERSION = YES;
				CLANG_WARN_COMMA = YES;
				CLANG_WARN_CONSTANT_CONVERSION = YES;
				CLANG_WARN_DEPRECATED_OBJC_IMPLEMENTATIONS = YES;
				CLANG_WARN_DIRECT_OBJC_ISA_USAGE = YES_ERROR;
				CLANG_WARN_DOCUMENTATION_COMMENTS = YES;
				CLANG_WARN_EMPTY_BODY = YES;
				CLANG_WARN_ENUM_CONVERSION = YES;
				CLANG_WARN_INFINITE_RECURSION = YES;
				CLANG_WARN_INT_CONVERSION = YES;
				CLANG_WARN_NON_LITERAL_NULL_CONVERSION = YES;
				CLANG_WARN_OBJC_IMPLICIT_RETAIN_SELF = YES;
				CLANG_WARN_OBJC_LITERAL_CONVERSION = YES;
				CLANG_WARN_OBJC_ROOT_CLASS = YES_ERROR;
				CLANG_WARN_RANGE_LOOP_ANALYSIS = YES;
				CLANG_WARN_STRICT_PROTOTYPES = YES;
				CLANG_WARN_SUSPICIOUS_MOVE = YES;
				CLANG_WARN_UNGUARDED_AVAILABILITY = YES_AGGRESSIVE;
				CLANG_WARN_UNREACHABLE_CODE = YES;
				CLANG_WARN__DUPLICATE_METHOD_MATCH = YES;
				COPY_PHASE_STRIP = NO;
				DEBUG_INFORMATION_FORMAT = "dwarf-with-dsym";
				ENABLE_NS_ASSERTIONS = NO;
				ENABLE_STRICT_OBJC_MSGSEND = YES;
				GCC_C_LANGUAGE_STANDARD = gnu11;
				GCC_NO_COMMON_BLOCKS = YES;
				GCC_WARN_64_TO_32_BIT_CONVERSION = YES;
				GCC_WARN_ABOUT_RETURN_TYPE = YES_ERROR;
				GCC_WARN_UNDECLARED_SELECTOR = YES;
				GCC_WARN_UNINITIALIZED_AUTOS = YES_AGGRESSIVE;
				GCC_WARN_UNUSED_FUNCTION = YES;
				GCC_WARN_UNUSED_VARIABLE = YES;
				IPHONEOS_DEPLOYMENT_TARGET = 13.7;
				MTL_ENABLE_DEBUG_INFO = NO;
				MTL_FAST_MATH = YES;
				SDKROOT = iphoneos;
				SWIFT_COMPILATION_MODE = wholemodule;
				SWIFT_OPTIMIZATION_LEVEL = "-O";
				VALIDATE_PRODUCT = YES;
			};
			name = Release;
		};
		5B58F424253ECEFF000A0346 /* Debug */ = {
			isa = XCBuildConfiguration;
			buildSettings = {
				ASSETCATALOG_COMPILER_APPICON_NAME = AppIcon;
				CODE_SIGN_STYLE = Automatic;
				INFOPLIST_FILE = MyFirstGitProject/Info.plist;
				LD_RUNPATH_SEARCH_PATHS = (
					"$(inherited)",
					"@executable_path/Frameworks",
				);
				PRODUCT_BUNDLE_IDENTIFIER = FeedYourZeal.MyFirstGitProject;
				PRODUCT_NAME = "$(TARGET_NAME)";
				SWIFT_VERSION = 5.0;
				TARGETED_DEVICE_FAMILY = "1,2";
			};
			name = Debug;
		};
		5B58F425253ECEFF000A0346 /* Release */ = {
			isa = XCBuildConfiguration;
			buildSettings = {
				ASSETCATALOG_COMPILER_APPICON_NAME = AppIcon;
				CODE_SIGN_STYLE = Automatic;
				INFOPLIST_FILE = MyFirstGitProject/Info.plist;
				LD_RUNPATH_SEARCH_PATHS = (
					"$(inherited)",
					"@executable_path/Frameworks",
				);
				PRODUCT_BUNDLE_IDENTIFIER = FeedYourZeal.MyFirstGitProject;
				PRODUCT_NAME = "$(TARGET_NAME)";
				SWIFT_VERSION = 5.0;
				TARGETED_DEVICE_FAMILY = "1,2";
			};
			name = Release;
		};
		5B58F427253ECEFF000A0346 /* Debug */ = {
			isa = XCBuildConfiguration;
			buildSettings = {
				ALWAYS_EMBED_SWIFT_STANDARD_LIBRARIES = YES;
				BUNDLE_LOADER = "$(TEST_HOST)";
				CODE_SIGN_STYLE = Automatic;
				INFOPLIST_FILE = MyFirstGitProjectTests/Info.plist;
				IPHONEOS_DEPLOYMENT_TARGET = 13.7;
				LD_RUNPATH_SEARCH_PATHS = (
					"$(inherited)",
					"@executable_path/Frameworks",
					"@loader_path/Frameworks",
				);
				PRODUCT_BUNDLE_IDENTIFIER = FeedYourZeal.MyFirstGitProjectTests;
				PRODUCT_NAME = "$(TARGET_NAME)";
				SWIFT_VERSION = 5.0;
				TARGETED_DEVICE_FAMILY = "1,2";
				TEST_HOST = "$(BUILT_PRODUCTS_DIR)/MyFirstGitProject.app/MyFirstGitProject";
			};
			name = Debug;
		};
		5B58F428253ECEFF000A0346 /* Release */ = {
			isa = XCBuildConfiguration;
			buildSettings = {
				ALWAYS_EMBED_SWIFT_STANDARD_LIBRARIES = YES;
				BUNDLE_LOADER = "$(TEST_HOST)";
				CODE_SIGN_STYLE = Automatic;
				INFOPLIST_FILE = MyFirstGitProjectTests/Info.plist;
				IPHONEOS_DEPLOYMENT_TARGET = 13.7;
				LD_RUNPATH_SEARCH_PATHS = (
					"$(inherited)",
					"@executable_path/Frameworks",
					"@loader_path/Frameworks",
				);
				PRODUCT_BUNDLE_IDENTIFIER = FeedYourZeal.MyFirstGitProjectTests;
				PRODUCT_NAME = "$(TARGET_NAME)";
				SWIFT_VERSION = 5.0;
				TARGETED_DEVICE_FAMILY = "1,2";
				TEST_HOST = "$(BUILT_PRODUCTS_DIR)/MyFirstGitProject.app/MyFirstGitProject";
			};
			name = Release;
		};
		5B58F42A253ECEFF000A0346 /* Debug */ = {
			isa = XCBuildConfiguration;
			buildSettings = {
				ALWAYS_EMBED_SWIFT_STANDARD_LIBRARIES = YES;
				CODE_SIGN_STYLE = Automatic;
				INFOPLIST_FILE = MyFirstGitProjectUITests/Info.plist;
				LD_RUNPATH_SEARCH_PATHS = (
					"$(inherited)",
					"@executable_path/Frameworks",
					"@loader_path/Frameworks",
				);
				PRODUCT_BUNDLE_IDENTIFIER = FeedYourZeal.MyFirstGitProjectUITests;
				PRODUCT_NAME = "$(TARGET_NAME)";
				SWIFT_VERSION = 5.0;
				TARGETED_DEVICE_FAMILY = "1,2";
				TEST_TARGET_NAME = MyFirstGitProject;
			};
			name = Debug;
		};
		5B58F42B253ECEFF000A0346 /* Release */ = {
			isa = XCBuildConfiguration;
			buildSettings = {
				ALWAYS_EMBED_SWIFT_STANDARD_LIBRARIES = YES;
				CODE_SIGN_STYLE = Automatic;
				INFOPLIST_FILE = MyFirstGitProjectUITests/Info.plist;
				LD_RUNPATH_SEARCH_PATHS = (
					"$(inherited)",
					"@executable_path/Frameworks",
					"@loader_path/Frameworks",
				);
				PRODUCT_BUNDLE_IDENTIFIER = FeedYourZeal.MyFirstGitProjectUITests;
				PRODUCT_NAME = "$(TARGET_NAME)";
				SWIFT_VERSION = 5.0;
				TARGETED_DEVICE_FAMILY = "1,2";
				TEST_TARGET_NAME = MyFirstGitProject;
			};
			name = Release;
		};
/* End XCBuildConfiguration section */

/* Begin XCConfigurationList section */
		5B58F3F1253ECEFE000A0346 /* Build configuration list for PBXProject "MyFirstGitProject" */ = {
			isa = XCConfigurationList;
			buildConfigurations = (
				5B58F421253ECEFF000A0346 /* Debug */,
				5B58F422253ECEFF000A0346 /* Release */,
			);
			defaultConfigurationIsVisible = 0;
			defaultConfigurationName = Release;
		};
		5B58F423253ECEFF000A0346 /* Build configuration list for PBXNativeTarget "MyFirstGitProject" */ = {
			isa = XCConfigurationList;
			buildConfigurations = (
				5B58F424253ECEFF000A0346 /* Debug */,
				5B58F425253ECEFF000A0346 /* Release */,
			);
			defaultConfigurationIsVisible = 0;
			defaultConfigurationName = Release;
		};
		5B58F426253ECEFF000A0346 /* Build configuration list for PBXNativeTarget "MyFirstGitProjectTests" */ = {
			isa = XCConfigurationList;
			buildConfigurations = (
				5B58F427253ECEFF000A0346 /* Debug */,
				5B58F428253ECEFF000A0346 /* Release */,
			);
			defaultConfigurationIsVisible = 0;
			defaultConfigurationName = Release;
		};
		5B58F429253ECEFF000A0346 /* Build configuration list for PBXNativeTarget "MyFirstGitProjectUITests" */ = {
			isa = XCConfigurationList;
			buildConfigurations = (
				5B58F42A253ECEFF000A0346 /* Debug */,
				5B58F42B253ECEFF000A0346 /* Release */,
			);
			defaultConfigurationIsVisible = 0;
			defaultConfigurationName = Release;
		};
/* End XCConfigurationList section */

/* Begin XCVersionGroup section */
		5B58F402253ECEFE000A0346 /* MyFirstGitProject.xcdatamodeld */ = {
			isa = XCVersionGroup;
			children = (
				5B58F403253ECEFE000A0346 /* MyFirstGitProject.xcdatamodel */,
			);
			currentVersion = 5B58F403253ECEFE000A0346 /* MyFirstGitProject.xcdatamodel */;
			path = MyFirstGitProject.xcdatamodeld;
			sourceTree = "<group>";
			versionGroupType = wrapper.xcdatamodel;
		};
/* End XCVersionGroup section */
	};
	rootObject = 5B58F3EE253ECEFE000A0346 /* Project object */;
}
